
Microsoft Visual Studio Solution File, Format Version 12.00
# Visual Studio 15
VisualStudioVersion = 15.0.26730.16
MinimumVisualStudioVersion = 10.0.40219.1
Project("{2150E333-8FDC-42A3-9474-1A3956D46DE8}") = "2 Servicios", "2 Servicios", "{34C513F9-B74B-49EC-AD52-2B0DB134804F}"
EndProject
Project("{2150E333-8FDC-42A3-9474-1A3956D46DE8}") = "3 Aplicacion", "3 Aplicacion", "{6D7E6CD4-D946-463A-B891-0C69063B48FF}"
EndProject
Project("{2150E333-8FDC-42A3-9474-1A3956D46DE8}") = "4 Dominio", "4 Dominio", "{F74B33E7-B586-40E2-872C-210C49A12422}"
EndProject
Project("{2150E333-8FDC-42A3-9474-1A3956D46DE8}") = "5 Persistencia", "5 Persistencia", "{47DF1D81-3E32-4AE9-8D0D-9BD208830528}"
EndProject
Project("{2150E333-8FDC-42A3-9474-1A3956D46DE8}") = "6 Common", "6 Common", "{9FAEA3F7-1E0E-412D-BEED-BBE6722AC9F0}"
EndProject
Project("{FAE04EC0-301F-11D3-BF4B-00C04F79EFBC}") = "Common", "Common\Common.csproj", "{F6A2526B-BF3B-48B6-B363-1C4B456C9D24}"
EndProject
Project("{FAE04EC0-301F-11D3-BF4B-00C04F79EFBC}") = "PersistenciaModelo", "PersistenciaModelo\PersistenciaModelo.csproj", "{11679BEA-0987-49B8-937C-D04AFC83C2A6}"
EndProject
Project("{FAE04EC0-301F-11D3-BF4B-00C04F79EFBC}") = "PersistenciaMetodos", "PersistenciaMetodos\PersistenciaMetodos.csproj", "{6C032495-F044-47E9-B93B-D95F3BE183D6}"
EndProject
Project("{FAE04EC0-301F-11D3-BF4B-00C04F79EFBC}") = "DominioEntidades", "DominioEntidades\DominioEntidades.csproj", "{05FE6B3B-3EEF-41FE-90CF-1905EDD52EA8}"
EndProject
Project("{FAE04EC0-301F-11D3-BF4B-00C04F79EFBC}") = "DominioServicios", "DominioServicios\DominioServicios.csproj", "{42A9171F-3D15-4F09-B1B8-687DDA76215B}"
EndProject
Project("{FAE04EC0-301F-11D3-BF4B-00C04F79EFBC}") = "AplicacionServicios", "AplicacionServicios\AplicacionServicios.csproj", "{DD13E675-7051-47BE-A329-BC0525FDBC98}"
EndProject
Project("{FAE04EC0-301F-11D3-BF4B-00C04F79EFBC}") = "ServicioWebApi", "ServicioWebApi\ServicioWebApi.csproj", "{7DFCBC1C-CAD4-4087-90E2-8D9A06E644D4}"
EndProject
Global
	GlobalSection(SolutionConfigurationPlatforms) = preSolution
		Debug|Any CPU = Debug|Any CPU
		Release|Any CPU = Release|Any CPU
	EndGlobalSection
	GlobalSection(ProjectConfigurationPlatforms) = postSolution
		{F6A2526B-BF3B-48B6-B363-1C4B456C9D24}.Debug|Any CPU.ActiveCfg = Debug|Any CPU
		{F6A2526B-BF3B-48B6-B363-1C4B456C9D24}.Debug|Any CPU.Build.0 = Debug|Any CPU
		{F6A2526B-BF3B-48B6-B363-1C4B456C9D24}.Release|Any CPU.ActiveCfg = Release|Any CPU
		{F6A2526B-BF3B-48B6-B363-1C4B456C9D24}.Release|Any CPU.Build.0 = Release|Any CPU
		{11679BEA-0987-49B8-937C-D04AFC83C2A6}.Debug|Any CPU.ActiveCfg = Debug|Any CPU
		{11679BEA-0987-49B8-937C-D04AFC83C2A6}.Debug|Any CPU.Build.0 = Debug|Any CPU
		{11679BEA-0987-49B8-937C-D04AFC83C2A6}.Release|Any CPU.ActiveCfg = Release|Any CPU
		{11679BEA-0987-49B8-937C-D04AFC83C2A6}.Release|Any CPU.Build.0 = Release|Any CPU
		{6C032495-F044-47E9-B93B-D95F3BE183D6}.Debug|Any CPU.ActiveCfg = Debug|Any CPU
		{6C032495-F044-47E9-B93B-D95F3BE183D6}.Debug|Any CPU.Build.0 = Debug|Any CPU
		{6C032495-F044-47E9-B93B-D95F3BE183D6}.Release|Any CPU.ActiveCfg = Release|Any CPU
		{6C032495-F044-47E9-B93B-D95F3BE183D6}.Release|Any CPU.Build.0 = Release|Any CPU
		{05FE6B3B-3EEF-41FE-90CF-1905EDD52EA8}.Debug|Any CPU.ActiveCfg = Debug|Any CPU
		{05FE6B3B-3EEF-41FE-90CF-1905EDD52EA8}.Debug|Any CPU.Build.0 = Debug|Any CPU
		{05FE6B3B-3EEF-41FE-90CF-1905EDD52EA8}.Release|Any CPU.ActiveCfg = Release|Any CPU
		{05FE6B3B-3EEF-41FE-90CF-1905EDD52EA8}.Release|Any CPU.Build.0 = Release|Any CPU
		{42A9171F-3D15-4F09-B1B8-687DDA76215B}.Debug|Any CPU.ActiveCfg = Debug|Any CPU
		{42A9171F-3D15-4F09-B1B8-687DDA76215B}.Debug|Any CPU.Build.0 = Debug|Any CPU
		{42A9171F-3D15-4F09-B1B8-687DDA76215B}.Release|Any CPU.ActiveCfg = Release|Any CPU
		{42A9171F-3D15-4F09-B1B8-687DDA76215B}.Release|Any CPU.Build.0 = Release|Any CPU
		{DD13E675-7051-47BE-A329-BC0525FDBC98}.Debug|Any CPU.ActiveCfg = Debug|Any CPU
		{DD13E675-7051-47BE-A329-BC0525FDBC98}.Debug|Any CPU.Build.0 = Debug|Any CPU
		{DD13E675-7051-47BE-A329-BC0525FDBC98}.Release|Any CPU.ActiveCfg = Release|Any CPU
		{DD13E675-7051-47BE-A329-BC0525FDBC98}.Release|Any CPU.Build.0 = Release|Any CPU
		{7DFCBC1C-CAD4-4087-90E2-8D9A06E644D4}.Debug|Any CPU.ActiveCfg = Debug|Any CPU
		{7DFCBC1C-CAD4-4087-90E2-8D9A06E644D4}.Debug|Any CPU.Build.0 = Debug|Any CPU
		{7DFCBC1C-CAD4-4087-90E2-8D9A06E644D4}.Release|Any CPU.ActiveCfg = Release|Any CPU
		{7DFCBC1C-CAD4-4087-90E2-8D9A06E644D4}.Release|Any CPU.Build.0 = Release|Any CPU
	EndGlobalSection
	GlobalSection(SolutionProperties) = preSolution
		HideSolutionNode = FALSE
	EndGlobalSection
	GlobalSection(NestedProjects) = preSolution
		{F6A2526B-BF3B-48B6-B363-1C4B456C9D24} = {9FAEA3F7-1E0E-412D-BEED-BBE6722AC9F0}
		{11679BEA-0987-49B8-937C-D04AFC83C2A6} = {47DF1D81-3E32-4AE9-8D0D-9BD208830528}
		{6C032495-F044-47E9-B93B-D95F3BE183D6} = {47DF1D81-3E32-4AE9-8D0D-9BD208830528}
		{05FE6B3B-3EEF-41FE-90CF-1905EDD52EA8} = {F74B33E7-B586-40E2-872C-210C49A12422}
		{42A9171F-3D15-4F09-B1B8-687DDA76215B} = {F74B33E7-B586-40E2-872C-210C49A12422}
		{DD13E675-7051-47BE-A329-BC0525FDBC98} = {6D7E6CD4-D946-463A-B891-0C69063B48FF}
		{7DFCBC1C-CAD4-4087-90E2-8D9A06E644D4} = {34C513F9-B74B-49EC-AD52-2B0DB134804F}
	EndGlobalSection
	GlobalSection(ExtensibilityGlobals) = postSolution
		SolutionGuid = {8CDDBBB7-89E8-4230-905F-E615C4FEEFCC}
	EndGlobalSection
EndGlobal
